
Microsoft Visual Studio Solution File, Format Version 12.00
# Visual Studio Version 17
VisualStudioVersion = 17.11.35312.102
MinimumVisualStudioVersion = 10.0.40219.1
Project("{2150E333-8FDC-42A3-9474-1A3956D46DE8}") = "01 - Getting Started", "01 - Getting Started", "{15731DFB-3C49-4774-B925-DB97E6664027}"
EndProject
Project("{2150E333-8FDC-42A3-9474-1A3956D46DE8}") = "Solution Items", "Solution Items", "{143FA884-BE5A-4346-BE61-D8B635946841}"
	ProjectSection(SolutionItems) = preProject
		README.md = README.md
	EndProjectSection
EndProject
Project("{8BC9CEB8-8B4A-11D0-8D11-00A0C91BC942}") = "01 - Hello Triangle", "01 - Getting Started\01 - Hello Triangle\01 - Hello Triangle.vcxproj", "{B3B5F514-3D34-43AB-8244-7B9127CAFAB9}"
EndProject
Project("{8BC9CEB8-8B4A-11D0-8D11-00A0C91BC942}") = "02 - Two Triangles", "01 - Getting Started\02 - Two Triangles\02 - Two Triangles.vcxproj", "{71DECEB8-BDD9-40D5-96CA-37D2F99C3FF9}"
EndProject
Project("{8BC9CEB8-8B4A-11D0-8D11-00A0C91BC942}") = "03 - Shaders", "01 - Getting Started\03 - Shaders\03 - Shaders.vcxproj", "{1791FAAD-E35F-424A-9430-1806BD4A1B9D}"
EndProject
Project("{8BC9CEB8-8B4A-11D0-8D11-00A0C91BC942}") = "04 - Textures", "01 - Getting Started\04 - Textures\04 - Textures.vcxproj", "{5E66AD0F-C0AE-4777-BDB4-063EEDEAC8C5}"
EndProject
Project("{8BC9CEB8-8B4A-11D0-8D11-00A0C91BC942}") = "05 - Transformations", "01 - Getting Started\05 - Transformations\05 - Transformations.vcxproj", "{39B7DAEF-59AC-4530-A9AE-6030F659EADC}"
EndProject
Project("{8BC9CEB8-8B4A-11D0-8D11-00A0C91BC942}") = "06 - Coordinate Systems", "01 - Getting Started\06 - Coordinate Systems\06 - Coordinate Systems.vcxproj", "{97175B49-3A02-4A93-B177-6D7859227F57}"
EndProject
Project("{8BC9CEB8-8B4A-11D0-8D11-00A0C91BC942}") = "07 - Camera", "01 - Getting Started\07 - Camera\07 - Camera.vcxproj", "{7557678A-1DD8-4080-8DCD-1E241989D58D}"
EndProject
Project("{2150E333-8FDC-42A3-9474-1A3956D46DE8}") = "Lab", "Lab", "{026E23B9-EFC7-4ED8-9FE9-1397384AE455}"
EndProject
Project("{8BC9CEB8-8B4A-11D0-8D11-00A0C91BC942}") = "Matric Stack", "Lab\Matric Stack\Matric Stack.vcxproj", "{29B16DDF-D42E-43AA-8D63-E5E2B70A714E}"
EndProject
Project("{8BC9CEB8-8B4A-11D0-8D11-00A0C91BC942}") = "Starfield", "Lab\Starfield\Starfield.vcxproj", "{E457E3E1-30A2-4958-B647-19E64C7EE24C}"
EndProject
Project("{2150E333-8FDC-42A3-9474-1A3956D46DE8}") = "02 - Lighting", "02 - Lighting", "{2289E91C-710D-4D4C-8480-06D3DC399639}"
EndProject
Project("{8BC9CEB8-8B4A-11D0-8D11-00A0C91BC942}") = "01 - Colors", "02 - Lighting\01 - Colors\01 - Colors.vcxproj", "{B1E3D579-EEFE-4595-A3AA-779B20A5237C}"
EndProject
Project("{8BC9CEB8-8B4A-11D0-8D11-00A0C91BC942}") = "02 - Basic Lighting", "02 - Lighting\02 - Basic Lighting\02 - Basic Lighting.vcxproj", "{B4D3999E-0B0C-47D8-B30E-ECC720FCE9F3}"
EndProject
Project("{8BC9CEB8-8B4A-11D0-8D11-00A0C91BC942}") = "03 - Materials", "02 - Lighting\03 - Materials\03 - Materials.vcxproj", "{E058E986-3BDB-42D7-B0AD-3CB0B111F8B8}"
EndProject
Project("{8BC9CEB8-8B4A-11D0-8D11-00A0C91BC942}") = "04 - Lighting Maps", "02 - Lighting\04 - Lighting Maps\04 - Lighting Maps.vcxproj", "{0E66D0F4-5E20-460D-9D54-33A237E0EE9D}"
EndProject
Project("{8BC9CEB8-8B4A-11D0-8D11-00A0C91BC942}") = "05 - Light casters", "02 - Lighting\05 - Light casters\05 - Light casters.vcxproj", "{FAA4E6C6-608D-4CC4-A23C-269BA38F6410}"
EndProject
Project("{8BC9CEB8-8B4A-11D0-8D11-00A0C91BC942}") = "06 - Multiple Lights", "02 - Lighting\06 - Multiple Lights\06 - Multiple Lights.vcxproj", "{8F9D2C28-52BD-40F3-BD8E-9715660D7977}"
EndProject
Project("{8BC9CEB8-8B4A-11D0-8D11-00A0C91BC942}") = "Model Loading", "03 - Model Loading\Model Loading\Model Loading.vcxproj", "{0DD43029-51F3-4122-93E6-901E5DE05DCA}"
EndProject
Project("{2150E333-8FDC-42A3-9474-1A3956D46DE8}") = "03 - Model Loading", "03 - Model Loading", "{4924CB4E-E294-4923-9AF3-84B2E54B916F}"
EndProject
Project("{2150E333-8FDC-42A3-9474-1A3956D46DE8}") = "04 - Advanced OpenGL", "04 - Advanced OpenGL", "{7E57C829-24EB-4A44-8FB0-6DCA570608D6}"
EndProject
Project("{8BC9CEB8-8B4A-11D0-8D11-00A0C91BC942}") = "01 - Depth Testing", "04 - Advanced OpenGL\01 - Depth Testing\01 - Depth Testing.vcxproj", "{623021EA-D175-4BF1-8B9C-EC00B931E5B3}"
EndProject
Project("{8BC9CEB8-8B4A-11D0-8D11-00A0C91BC942}") = "02 - Stencil Testing", "04 - Advanced OpenGL\02 - Stencil Testing\02 - Stencil Testing.vcxproj", "{1448D7EB-3F54-4168-9CD6-A027CAF45BAC}"
EndProject
Global
	GlobalSection(SolutionConfigurationPlatforms) = preSolution
		Debug|x64 = Debug|x64
		Debug|x86 = Debug|x86
		Release|x64 = Release|x64
		Release|x86 = Release|x86
	EndGlobalSection
	GlobalSection(ProjectConfigurationPlatforms) = postSolution
		{B3B5F514-3D34-43AB-8244-7B9127CAFAB9}.Debug|x64.ActiveCfg = Debug|x64
		{B3B5F514-3D34-43AB-8244-7B9127CAFAB9}.Debug|x64.Build.0 = Debug|x64
		{B3B5F514-3D34-43AB-8244-7B9127CAFAB9}.Debug|x86.ActiveCfg = Debug|Win32
		{B3B5F514-3D34-43AB-8244-7B9127CAFAB9}.Debug|x86.Build.0 = Debug|Win32
		{B3B5F514-3D34-43AB-8244-7B9127CAFAB9}.Release|x64.ActiveCfg = Release|x64
		{B3B5F514-3D34-43AB-8244-7B9127CAFAB9}.Release|x64.Build.0 = Release|x64
		{B3B5F514-3D34-43AB-8244-7B9127CAFAB9}.Release|x86.ActiveCfg = Release|Win32
		{B3B5F514-3D34-43AB-8244-7B9127CAFAB9}.Release|x86.Build.0 = Release|Win32
		{71DECEB8-BDD9-40D5-96CA-37D2F99C3FF9}.Debug|x64.ActiveCfg = Debug|x64
		{71DECEB8-BDD9-40D5-96CA-37D2F99C3FF9}.Debug|x64.Build.0 = Debug|x64
		{71DECEB8-BDD9-40D5-96CA-37D2F99C3FF9}.Debug|x86.ActiveCfg = Debug|Win32
		{71DECEB8-BDD9-40D5-96CA-37D2F99C3FF9}.Debug|x86.Build.0 = Debug|Win32
		{71DECEB8-BDD9-40D5-96CA-37D2F99C3FF9}.Release|x64.ActiveCfg = Release|x64
		{71DECEB8-BDD9-40D5-96CA-37D2F99C3FF9}.Release|x64.Build.0 = Release|x64
		{71DECEB8-BDD9-40D5-96CA-37D2F99C3FF9}.Release|x86.ActiveCfg = Release|Win32
		{71DECEB8-BDD9-40D5-96CA-37D2F99C3FF9}.Release|x86.Build.0 = Release|Win32
		{1791FAAD-E35F-424A-9430-1806BD4A1B9D}.Debug|x64.ActiveCfg = Debug|x64
		{1791FAAD-E35F-424A-9430-1806BD4A1B9D}.Debug|x64.Build.0 = Debug|x64
		{1791FAAD-E35F-424A-9430-1806BD4A1B9D}.Debug|x86.ActiveCfg = Debug|Win32
		{1791FAAD-E35F-424A-9430-1806BD4A1B9D}.Debug|x86.Build.0 = Debug|Win32
		{1791FAAD-E35F-424A-9430-1806BD4A1B9D}.Release|x64.ActiveCfg = Release|x64
		{1791FAAD-E35F-424A-9430-1806BD4A1B9D}.Release|x64.Build.0 = Release|x64
		{1791FAAD-E35F-424A-9430-1806BD4A1B9D}.Release|x86.ActiveCfg = Release|Win32
		{1791FAAD-E35F-424A-9430-1806BD4A1B9D}.Release|x86.Build.0 = Release|Win32
		{5E66AD0F-C0AE-4777-BDB4-063EEDEAC8C5}.Debug|x64.ActiveCfg = Debug|x64
		{5E66AD0F-C0AE-4777-BDB4-063EEDEAC8C5}.Debug|x64.Build.0 = Debug|x64
		{5E66AD0F-C0AE-4777-BDB4-063EEDEAC8C5}.Debug|x86.ActiveCfg = Debug|Win32
		{5E66AD0F-C0AE-4777-BDB4-063EEDEAC8C5}.Debug|x86.Build.0 = Debug|Win32
		{5E66AD0F-C0AE-4777-BDB4-063EEDEAC8C5}.Release|x64.ActiveCfg = Release|x64
		{5E66AD0F-C0AE-4777-BDB4-063EEDEAC8C5}.Release|x64.Build.0 = Release|x64
		{5E66AD0F-C0AE-4777-BDB4-063EEDEAC8C5}.Release|x86.ActiveCfg = Release|Win32
		{5E66AD0F-C0AE-4777-BDB4-063EEDEAC8C5}.Release|x86.Build.0 = Release|Win32
		{39B7DAEF-59AC-4530-A9AE-6030F659EADC}.Debug|x64.ActiveCfg = Debug|x64
		{39B7DAEF-59AC-4530-A9AE-6030F659EADC}.Debug|x64.Build.0 = Debug|x64
		{39B7DAEF-59AC-4530-A9AE-6030F659EADC}.Debug|x86.ActiveCfg = Debug|Win32
		{39B7DAEF-59AC-4530-A9AE-6030F659EADC}.Debug|x86.Build.0 = Debug|Win32
		{39B7DAEF-59AC-4530-A9AE-6030F659EADC}.Release|x64.ActiveCfg = Release|x64
		{39B7DAEF-59AC-4530-A9AE-6030F659EADC}.Release|x64.Build.0 = Release|x64
		{39B7DAEF-59AC-4530-A9AE-6030F659EADC}.Release|x86.ActiveCfg = Release|Win32
		{39B7DAEF-59AC-4530-A9AE-6030F659EADC}.Release|x86.Build.0 = Release|Win32
		{97175B49-3A02-4A93-B177-6D7859227F57}.Debug|x64.ActiveCfg = Debug|x64
		{97175B49-3A02-4A93-B177-6D7859227F57}.Debug|x64.Build.0 = Debug|x64
		{97175B49-3A02-4A93-B177-6D7859227F57}.Debug|x86.ActiveCfg = Debug|Win32
		{97175B49-3A02-4A93-B177-6D7859227F57}.Debug|x86.Build.0 = Debug|Win32
		{97175B49-3A02-4A93-B177-6D7859227F57}.Release|x64.ActiveCfg = Release|x64
		{97175B49-3A02-4A93-B177-6D7859227F57}.Release|x64.Build.0 = Release|x64
		{97175B49-3A02-4A93-B177-6D7859227F57}.Release|x86.ActiveCfg = Release|Win32
		{97175B49-3A02-4A93-B177-6D7859227F57}.Release|x86.Build.0 = Release|Win32
		{7557678A-1DD8-4080-8DCD-1E241989D58D}.Debug|x64.ActiveCfg = Debug|x64
		{7557678A-1DD8-4080-8DCD-1E241989D58D}.Debug|x64.Build.0 = Debug|x64
		{7557678A-1DD8-4080-8DCD-1E241989D58D}.Debug|x86.ActiveCfg = Debug|Win32
		{7557678A-1DD8-4080-8DCD-1E241989D58D}.Debug|x86.Build.0 = Debug|Win32
		{7557678A-1DD8-4080-8DCD-1E241989D58D}.Release|x64.ActiveCfg = Release|x64
		{7557678A-1DD8-4080-8DCD-1E241989D58D}.Release|x64.Build.0 = Release|x64
		{7557678A-1DD8-4080-8DCD-1E241989D58D}.Release|x86.ActiveCfg = Release|Win32
		{7557678A-1DD8-4080-8DCD-1E241989D58D}.Release|x86.Build.0 = Release|Win32
		{29B16DDF-D42E-43AA-8D63-E5E2B70A714E}.Debug|x64.ActiveCfg = Debug|x64
		{29B16DDF-D42E-43AA-8D63-E5E2B70A714E}.Debug|x64.Build.0 = Debug|x64
		{29B16DDF-D42E-43AA-8D63-E5E2B70A714E}.Debug|x86.ActiveCfg = Debug|Win32
		{29B16DDF-D42E-43AA-8D63-E5E2B70A714E}.Debug|x86.Build.0 = Debug|Win32
		{29B16DDF-D42E-43AA-8D63-E5E2B70A714E}.Release|x64.ActiveCfg = Release|x64
		{29B16DDF-D42E-43AA-8D63-E5E2B70A714E}.Release|x64.Build.0 = Release|x64
		{29B16DDF-D42E-43AA-8D63-E5E2B70A714E}.Release|x86.ActiveCfg = Release|Win32
		{29B16DDF-D42E-43AA-8D63-E5E2B70A714E}.Release|x86.Build.0 = Release|Win32
		{E457E3E1-30A2-4958-B647-19E64C7EE24C}.Debug|x64.ActiveCfg = Debug|x64
		{E457E3E1-30A2-4958-B647-19E64C7EE24C}.Debug|x64.Build.0 = Debug|x64
		{E457E3E1-30A2-4958-B647-19E64C7EE24C}.Debug|x86.ActiveCfg = Debug|Win32
		{E457E3E1-30A2-4958-B647-19E64C7EE24C}.Debug|x86.Build.0 = Debug|Win32
		{E457E3E1-30A2-4958-B647-19E64C7EE24C}.Release|x64.ActiveCfg = Release|x64
		{E457E3E1-30A2-4958-B647-19E64C7EE24C}.Release|x64.Build.0 = Release|x64
		{E457E3E1-30A2-4958-B647-19E64C7EE24C}.Release|x86.ActiveCfg = Release|Win32
		{E457E3E1-30A2-4958-B647-19E64C7EE24C}.Release|x86.Build.0 = Release|Win32
		{B1E3D579-EEFE-4595-A3AA-779B20A5237C}.Debug|x64.ActiveCfg = Debug|x64
		{B1E3D579-EEFE-4595-A3AA-779B20A5237C}.Debug|x64.Build.0 = Debug|x64
		{B1E3D579-EEFE-4595-A3AA-779B20A5237C}.Debug|x86.ActiveCfg = Debug|Win32
		{B1E3D579-EEFE-4595-A3AA-779B20A5237C}.Debug|x86.Build.0 = Debug|Win32
		{B1E3D579-EEFE-4595-A3AA-779B20A5237C}.Release|x64.ActiveCfg = Release|x64
		{B1E3D579-EEFE-4595-A3AA-779B20A5237C}.Release|x64.Build.0 = Release|x64
		{B1E3D579-EEFE-4595-A3AA-779B20A5237C}.Release|x86.ActiveCfg = Release|Win32
		{B1E3D579-EEFE-4595-A3AA-779B20A5237C}.Release|x86.Build.0 = Release|Win32
		{B4D3999E-0B0C-47D8-B30E-ECC720FCE9F3}.Debug|x64.ActiveCfg = Debug|x64
		{B4D3999E-0B0C-47D8-B30E-ECC720FCE9F3}.Debug|x64.Build.0 = Debug|x64
		{B4D3999E-0B0C-47D8-B30E-ECC720FCE9F3}.Debug|x86.ActiveCfg = Debug|Win32
		{B4D3999E-0B0C-47D8-B30E-ECC720FCE9F3}.Debug|x86.Build.0 = Debug|Win32
		{B4D3999E-0B0C-47D8-B30E-ECC720FCE9F3}.Release|x64.ActiveCfg = Release|x64
		{B4D3999E-0B0C-47D8-B30E-ECC720FCE9F3}.Release|x64.Build.0 = Release|x64
		{B4D3999E-0B0C-47D8-B30E-ECC720FCE9F3}.Release|x86.ActiveCfg = Release|Win32
		{B4D3999E-0B0C-47D8-B30E-ECC720FCE9F3}.Release|x86.Build.0 = Release|Win32
		{E058E986-3BDB-42D7-B0AD-3CB0B111F8B8}.Debug|x64.ActiveCfg = Debug|x64
		{E058E986-3BDB-42D7-B0AD-3CB0B111F8B8}.Debug|x64.Build.0 = Debug|x64
		{E058E986-3BDB-42D7-B0AD-3CB0B111F8B8}.Debug|x86.ActiveCfg = Debug|Win32
		{E058E986-3BDB-42D7-B0AD-3CB0B111F8B8}.Debug|x86.Build.0 = Debug|Win32
		{E058E986-3BDB-42D7-B0AD-3CB0B111F8B8}.Release|x64.ActiveCfg = Release|x64
		{E058E986-3BDB-42D7-B0AD-3CB0B111F8B8}.Release|x64.Build.0 = Release|x64
		{E058E986-3BDB-42D7-B0AD-3CB0B111F8B8}.Release|x86.ActiveCfg = Release|Win32
		{E058E986-3BDB-42D7-B0AD-3CB0B111F8B8}.Release|x86.Build.0 = Release|Win32
		{0E66D0F4-5E20-460D-9D54-33A237E0EE9D}.Debug|x64.ActiveCfg = Debug|x64
		{0E66D0F4-5E20-460D-9D54-33A237E0EE9D}.Debug|x64.Build.0 = Debug|x64
		{0E66D0F4-5E20-460D-9D54-33A237E0EE9D}.Debug|x86.ActiveCfg = Debug|Win32
		{0E66D0F4-5E20-460D-9D54-33A237E0EE9D}.Debug|x86.Build.0 = Debug|Win32
		{0E66D0F4-5E20-460D-9D54-33A237E0EE9D}.Release|x64.ActiveCfg = Release|x64
		{0E66D0F4-5E20-460D-9D54-33A237E0EE9D}.Release|x64.Build.0 = Release|x64
		{0E66D0F4-5E20-460D-9D54-33A237E0EE9D}.Release|x86.ActiveCfg = Release|Win32
		{0E66D0F4-5E20-460D-9D54-33A237E0EE9D}.Release|x86.Build.0 = Release|Win32
		{FAA4E6C6-608D-4CC4-A23C-269BA38F6410}.Debug|x64.ActiveCfg = Debug|x64
		{FAA4E6C6-608D-4CC4-A23C-269BA38F6410}.Debug|x64.Build.0 = Debug|x64
		{FAA4E6C6-608D-4CC4-A23C-269BA38F6410}.Debug|x86.ActiveCfg = Debug|Win32
		{FAA4E6C6-608D-4CC4-A23C-269BA38F6410}.Debug|x86.Build.0 = Debug|Win32
		{FAA4E6C6-608D-4CC4-A23C-269BA38F6410}.Release|x64.ActiveCfg = Release|x64
		{FAA4E6C6-608D-4CC4-A23C-269BA38F6410}.Release|x64.Build.0 = Release|x64
		{FAA4E6C6-608D-4CC4-A23C-269BA38F6410}.Release|x86.ActiveCfg = Release|Win32
		{FAA4E6C6-608D-4CC4-A23C-269BA38F6410}.Release|x86.Build.0 = Release|Win32
		{8F9D2C28-52BD-40F3-BD8E-9715660D7977}.Debug|x64.ActiveCfg = Debug|x64
		{8F9D2C28-52BD-40F3-BD8E-9715660D7977}.Debug|x64.Build.0 = Debug|x64
		{8F9D2C28-52BD-40F3-BD8E-9715660D7977}.Debug|x86.ActiveCfg = Debug|Win32
		{8F9D2C28-52BD-40F3-BD8E-9715660D7977}.Debug|x86.Build.0 = Debug|Win32
		{8F9D2C28-52BD-40F3-BD8E-9715660D7977}.Release|x64.ActiveCfg = Release|x64
		{8F9D2C28-52BD-40F3-BD8E-9715660D7977}.Release|x64.Build.0 = Release|x64
		{8F9D2C28-52BD-40F3-BD8E-9715660D7977}.Release|x86.ActiveCfg = Release|Win32
		{8F9D2C28-52BD-40F3-BD8E-9715660D7977}.Release|x86.Build.0 = Release|Win32
		{0DD43029-51F3-4122-93E6-901E5DE05DCA}.Debug|x64.ActiveCfg = Debug|x64
		{0DD43029-51F3-4122-93E6-901E5DE05DCA}.Debug|x64.Build.0 = Debug|x64
		{0DD43029-51F3-4122-93E6-901E5DE05DCA}.Debug|x86.ActiveCfg = Debug|Win32
		{0DD43029-51F3-4122-93E6-901E5DE05DCA}.Debug|x86.Build.0 = Debug|Win32
		{0DD43029-51F3-4122-93E6-901E5DE05DCA}.Release|x64.ActiveCfg = Release|x64
		{0DD43029-51F3-4122-93E6-901E5DE05DCA}.Release|x64.Build.0 = Release|x64
		{0DD43029-51F3-4122-93E6-901E5DE05DCA}.Release|x86.ActiveCfg = Release|Win32
		{0DD43029-51F3-4122-93E6-901E5DE05DCA}.Release|x86.Build.0 = Release|Win32
		{623021EA-D175-4BF1-8B9C-EC00B931E5B3}.Debug|x64.ActiveCfg = Debug|x64
		{623021EA-D175-4BF1-8B9C-EC00B931E5B3}.Debug|x64.Build.0 = Debug|x64
		{623021EA-D175-4BF1-8B9C-EC00B931E5B3}.Debug|x86.ActiveCfg = Debug|Win32
		{623021EA-D175-4BF1-8B9C-EC00B931E5B3}.Debug|x86.Build.0 = Debug|Win32
		{623021EA-D175-4BF1-8B9C-EC00B931E5B3}.Release|x64.ActiveCfg = Release|x64
		{623021EA-D175-4BF1-8B9C-EC00B931E5B3}.Release|x64.Build.0 = Release|x64
		{623021EA-D175-4BF1-8B9C-EC00B931E5B3}.Release|x86.ActiveCfg = Release|Win32
		{623021EA-D175-4BF1-8B9C-EC00B931E5B3}.Release|x86.Build.0 = Release|Win32
		{1448D7EB-3F54-4168-9CD6-A027CAF45BAC}.Debug|x64.ActiveCfg = Debug|x64
		{1448D7EB-3F54-4168-9CD6-A027CAF45BAC}.Debug|x64.Build.0 = Debug|x64
		{1448D7EB-3F54-4168-9CD6-A027CAF45BAC}.Debug|x86.ActiveCfg = Debug|Win32
		{1448D7EB-3F54-4168-9CD6-A027CAF45BAC}.Debug|x86.Build.0 = Debug|Win32
		{1448D7EB-3F54-4168-9CD6-A027CAF45BAC}.Release|x64.ActiveCfg = Release|x64
		{1448D7EB-3F54-4168-9CD6-A027CAF45BAC}.Release|x64.Build.0 = Release|x64
		{1448D7EB-3F54-4168-9CD6-A027CAF45BAC}.Release|x86.ActiveCfg = Release|Win32
		{1448D7EB-3F54-4168-9CD6-A027CAF45BAC}.Release|x86.Build.0 = Release|Win32
	EndGlobalSection
	GlobalSection(SolutionProperties) = preSolution
		HideSolutionNode = FALSE
	EndGlobalSection
	GlobalSection(NestedProjects) = preSolution
		{B3B5F514-3D34-43AB-8244-7B9127CAFAB9} = {15731DFB-3C49-4774-B925-DB97E6664027}
		{71DECEB8-BDD9-40D5-96CA-37D2F99C3FF9} = {15731DFB-3C49-4774-B925-DB97E6664027}
		{1791FAAD-E35F-424A-9430-1806BD4A1B9D} = {15731DFB-3C49-4774-B925-DB97E6664027}
		{5E66AD0F-C0AE-4777-BDB4-063EEDEAC8C5} = {15731DFB-3C49-4774-B925-DB97E6664027}
		{39B7DAEF-59AC-4530-A9AE-6030F659EADC} = {15731DFB-3C49-4774-B925-DB97E6664027}
		{97175B49-3A02-4A93-B177-6D7859227F57} = {15731DFB-3C49-4774-B925-DB97E6664027}
		{7557678A-1DD8-4080-8DCD-1E241989D58D} = {15731DFB-3C49-4774-B925-DB97E6664027}
		{29B16DDF-D42E-43AA-8D63-E5E2B70A714E} = {026E23B9-EFC7-4ED8-9FE9-1397384AE455}
		{E457E3E1-30A2-4958-B647-19E64C7EE24C} = {026E23B9-EFC7-4ED8-9FE9-1397384AE455}
		{B1E3D579-EEFE-4595-A3AA-779B20A5237C} = {2289E91C-710D-4D4C-8480-06D3DC399639}
		{B4D3999E-0B0C-47D8-B30E-ECC720FCE9F3} = {2289E91C-710D-4D4C-8480-06D3DC399639}
		{E058E986-3BDB-42D7-B0AD-3CB0B111F8B8} = {2289E91C-710D-4D4C-8480-06D3DC399639}
		{0E66D0F4-5E20-460D-9D54-33A237E0EE9D} = {2289E91C-710D-4D4C-8480-06D3DC399639}
		{FAA4E6C6-608D-4CC4-A23C-269BA38F6410} = {2289E91C-710D-4D4C-8480-06D3DC399639}
		{8F9D2C28-52BD-40F3-BD8E-9715660D7977} = {2289E91C-710D-4D4C-8480-06D3DC399639}
		{0DD43029-51F3-4122-93E6-901E5DE05DCA} = {4924CB4E-E294-4923-9AF3-84B2E54B916F}
		{623021EA-D175-4BF1-8B9C-EC00B931E5B3} = {7E57C829-24EB-4A44-8FB0-6DCA570608D6}
		{1448D7EB-3F54-4168-9CD6-A027CAF45BAC} = {7E57C829-24EB-4A44-8FB0-6DCA570608D6}
	EndGlobalSection
	GlobalSection(ExtensibilityGlobals) = postSolution
		SolutionGuid = {8B8491D5-9CF0-44C3-9497-1E15737073CC}
	EndGlobalSection
EndGlobal
